
Microsoft Visual Studio Solution File, Format Version 12.00
# Visual Studio Version 17
VisualStudioVersion = 17.3.32825.248
MinimumVisualStudioVersion = 10.0.40219.1
Project("{8BC9CEB8-8B4A-11D0-8D11-00A0C91BC942}") = "Elysium", "Elysium\Elysium.vcxproj", "{D6C3AE16-7BBE-4EF7-8A12-E5C7CBAE518A}"
EndProject
Project("{8BC9CEB8-8B4A-11D0-8D11-00A0C91BC942}") = "ElysiumEngine", "ElysiumEngine\ElysiumEngine.vcxproj", "{CEDA2EEB-21EC-4803-B5D9-B818931D1E10}"
EndProject
Global
	GlobalSection(SolutionConfigurationPlatforms) = preSolution
		Debug|x64 = Debug|x64
		Debug|x86 = Debug|x86
		Release|x64 = Release|x64
		Release|x86 = Release|x86
	EndGlobalSection
	GlobalSection(ProjectConfigurationPlatforms) = postSolution
		{D6C3AE16-7BBE-4EF7-8A12-E5C7CBAE518A}.Debug|x64.ActiveCfg = Debug|x64
		{D6C3AE16-7BBE-4EF7-8A12-E5C7CBAE518A}.Debug|x64.Build.0 = Debug|x64
		{D6C3AE16-7BBE-4EF7-8A12-E5C7CBAE518A}.Debug|x86.ActiveCfg = Debug|Win32
		{D6C3AE16-7BBE-4EF7-8A12-E5C7CBAE518A}.Debug|x86.Build.0 = Debug|Win32
		{D6C3AE16-7BBE-4EF7-8A12-E5C7CBAE518A}.Release|x64.ActiveCfg = Release|x64
		{D6C3AE16-7BBE-4EF7-8A12-E5C7CBAE518A}.Release|x64.Build.0 = Release|x64
		{D6C3AE16-7BBE-4EF7-8A12-E5C7CBAE518A}.Release|x86.ActiveCfg = Release|Win32
		{D6C3AE16-7BBE-4EF7-8A12-E5C7CBAE518A}.Release|x86.Build.0 = Release|Win32
		{CEDA2EEB-21EC-4803-B5D9-B818931D1E10}.Debug|x64.ActiveCfg = Debug|x64
		{CEDA2EEB-21EC-4803-B5D9-B818931D1E10}.Debug|x64.Build.0 = Debug|x64
		{CEDA2EEB-21EC-4803-B5D9-B818931D1E10}.Debug|x86.ActiveCfg = Debug|Win32
		{CEDA2EEB-21EC-4803-B5D9-B818931D1E10}.Debug|x86.Build.0 = Debug|Win32
		{CEDA2EEB-21EC-4803-B5D9-B818931D1E10}.Release|x64.ActiveCfg = Release|x64
		{CEDA2EEB-21EC-4803-B5D9-B818931D1E10}.Release|x64.Build.0 = Release|x64
		{CEDA2EEB-21EC-4803-B5D9-B818931D1E10}.Release|x86.ActiveCfg = Release|Win32
		{CEDA2EEB-21EC-4803-B5D9-B818931D1E10}.Release|x86.Build.0 = Release|Win32
	EndGlobalSection
	GlobalSection(SolutionProperties) = preSolution
		HideSolutionNode = FALSE
	EndGlobalSection
	GlobalSection(ExtensibilityGlobals) = postSolution
		SolutionGuid = {E4082DA6-552E-4C82-BE5C-0A0D7EDA29ED}
	EndGlobalSection
EndGlobal
